PODS:
  - Flutter (1.0.0)
  - MTBBarcodeScanner (5.0.11)
  - path_provider_foundation (0.0.1):
    - Flutter
    - FlutterMacOS
  - purchases_flutter (7.0.2):
    - Flutter
    - PurchasesHybridCommon (= 13.0.1)
  - PurchasesHybridCommon (13.0.1):
    - RevenueCat (= 5.2.3)
  - qr_code_scanner (0.2.0):
    - Flutter
    - MTBBarcodeScanner
  - RevenueCat (5.2.3)

DEPENDENCIES:
  - Flutter (from `Flutter`)
  - path_provider_foundation (from `.symlinks/plugins/path_provider_foundation/darwin`)
  - purchases_flutter (from `.symlinks/plugins/purchases_flutter/ios`)
  - qr_code_scanner (from `.symlinks/plugins/qr_code_scanner/ios`)

SPEC REPOS:
  trunk:
    - MTBBarcodeScanner
    - PurchasesHybridCommon
    - RevenueCat

EXTERNAL SOURCES:
  Flutter:
    :path: Flutter
  path_provider_foundation:
    :path: ".symlinks/plugins/path_provider_foundation/darwin"
  purchases_flutter:
    :path: ".symlinks/plugins/purchases_flutter/ios"
  qr_code_scanner:
    :path: ".symlinks/plugins/qr_code_scanner/ios"

SPEC CHECKSUMS:
  Flutter: e0871f40cf51350855a761d2e70bf5af5b9b5de7
  MTBBarcodeScanner: f453b33c4b7dfe545d8c6484ed744d55671788cb
  path_provider_foundation: 2b6b4c569c0fb62ec74538f866245ac84301af46
  purchases_flutter: cb6029010b70f8c90407bd7a9c88e2f549b37049
  PurchasesHybridCommon: 6e5772e574ce345922c42f31403cf72a0ba762bf
  qr_code_scanner: bb67d64904c3b9658ada8c402e8b4d406d5d796e
  RevenueCat: 86e4486345a6f7740fecb1eeff91eeff8708eee1

PODFILE CHECKSUM: a57f30d18f102dd3ce366b1d62a55ecbef2158e5

COCOAPODS: 1.16.2
